
Microsoft Visual Studio Solution File, Format Version 12.00
# Visual Studio 15
VisualStudioVersion = 15.0.26430.12
MinimumVisualStudioVersion = 10.0.40219.1
Project("{FAE04EC0-301F-11D3-BF4B-00C04F79EFBC}") = "PicoPlaca", "PicoPlaca\PicoPlaca.csproj", "{0F2D072C-1CD0-4D39-AE58-1F6DE14CCD32}"
EndProject
Project("{FAE04EC0-301F-11D3-BF4B-00C04F79EFBC}") = "PicoPlacaTest", "PicoPlacaTest\PicoPlacaTest.csproj", "{B836F5A8-A233-49CF-BD7C-8105BC9F76FC}"
EndProject
Global
	GlobalSection(SolutionConfigurationPlatforms) = preSolution
		Debug|Any CPU = Debug|Any CPU
		Release|Any CPU = Release|Any CPU
	EndGlobalSection
	GlobalSection(ProjectConfigurationPlatforms) = postSolution
		{0F2D072C-1CD0-4D39-AE58-1F6DE14CCD32}.Debug|Any CPU.ActiveCfg = Debug|Any CPU
		{0F2D072C-1CD0-4D39-AE58-1F6DE14CCD32}.Debug|Any CPU.Build.0 = Debug|Any CPU
		{0F2D072C-1CD0-4D39-AE58-1F6DE14CCD32}.Release|Any CPU.ActiveCfg = Release|Any CPU
		{0F2D072C-1CD0-4D39-AE58-1F6DE14CCD32}.Release|Any CPU.Build.0 = Release|Any CPU
		{B836F5A8-A233-49CF-BD7C-8105BC9F76FC}.Debug|Any CPU.ActiveCfg = Debug|Any CPU
		{B836F5A8-A233-49CF-BD7C-8105BC9F76FC}.Debug|Any CPU.Build.0 = Debug|Any CPU
		{B836F5A8-A233-49CF-BD7C-8105BC9F76FC}.Release|Any CPU.ActiveCfg = Release|Any CPU
		{B836F5A8-A233-49CF-BD7C-8105BC9F76FC}.Release|Any CPU.Build.0 = Release|Any CPU
	EndGlobalSection
	GlobalSection(SolutionProperties) = preSolution
		HideSolutionNode = FALSE
	EndGlobalSection
EndGlobal
